
Microsoft Visual Studio Solution File, Format Version 12.00
# Visual Studio Version 16
VisualStudioVersion = 16.0.32413.511
MinimumVisualStudioVersion = 10.0.40219.1
Project("{FAE04EC0-301F-11D3-BF4B-00C04F79EFBC}") = "Virtual Monitor Helper", "VirtualMonitorHelper\Virtual Monitor Helper.csproj", "{4E21650D-104E-4DD1-AE65-C1AD2B5530AA}"
EndProject
Global
	GlobalSection(SolutionConfigurationPlatforms) = preSolution
		Debug|Any CPU = Debug|Any CPU
		Release|Any CPU = Release|Any CPU
	EndGlobalSection
	GlobalSection(ProjectConfigurationPlatforms) = postSolution
		{4E21650D-104E-4DD1-AE65-C1AD2B5530AA}.Debug|Any CPU.ActiveCfg = Debug|Any CPU
		{4E21650D-104E-4DD1-AE65-C1AD2B5530AA}.Debug|Any CPU.Build.0 = Debug|Any CPU
		{4E21650D-104E-4DD1-AE65-C1AD2B5530AA}.Release|Any CPU.ActiveCfg = Release|Any CPU
		{4E21650D-104E-4DD1-AE65-C1AD2B5530AA}.Release|Any CPU.Build.0 = Release|Any CPU
	EndGlobalSection
	GlobalSection(SolutionProperties) = preSolution
		HideSolutionNode = FALSE
	EndGlobalSection
	GlobalSection(ExtensibilityGlobals) = postSolution
		SolutionGuid = {FF601790-C3DE-401C-AC16-067C2BE59F8E}
	EndGlobalSection
EndGlobal
